
Microsoft Visual Studio Solution File, Format Version 12.00
# Visual Studio Version 17
VisualStudioVersion = 17.0.32112.339
MinimumVisualStudioVersion = 10.0.40219.1
Project("{8BC9CEB8-8B4A-11D0-8D11-00A0C91BC942}") = "TwoPointer", "TwoPointer.vcxproj", "{386C3AF6-E4F9-4833-AB29-9603DA749625}"
EndProject
Global
	GlobalSection(SolutionConfigurationPlatforms) = preSolution
		Debug|x64 = Debug|x64
		Debug|x86 = Debug|x86
		Release|x64 = Release|x64
		Release|x86 = Release|x86
	EndGlobalSection
	GlobalSection(ProjectConfigurationPlatforms) = postSolution
		{386C3AF6-E4F9-4833-AB29-9603DA749625}.Debug|x64.ActiveCfg = Debug|x64
		{386C3AF6-E4F9-4833-AB29-9603DA749625}.Debug|x64.Build.0 = Debug|x64
		{386C3AF6-E4F9-4833-AB29-9603DA749625}.Debug|x86.ActiveCfg = Debug|x64
		{386C3AF6-E4F9-4833-AB29-9603DA749625}.Debug|x86.Build.0 = Debug|x64
		{386C3AF6-E4F9-4833-AB29-9603DA749625}.Release|x64.ActiveCfg = Release|x64
		{386C3AF6-E4F9-4833-AB29-9603DA749625}.Release|x64.Build.0 = Release|x64
		{386C3AF6-E4F9-4833-AB29-9603DA749625}.Release|x86.ActiveCfg = Release|Win32
		{386C3AF6-E4F9-4833-AB29-9603DA749625}.Release|x86.Build.0 = Release|Win32
	EndGlobalSection
	GlobalSection(SolutionProperties) = preSolution
		HideSolutionNode = FALSE
	EndGlobalSection
	GlobalSection(ExtensibilityGlobals) = postSolution
		SolutionGuid = {DEDEFED1-C947-4567-8CDE-5E75C47E778E}
	EndGlobalSection
EndGlobal
